
Microsoft Visual Studio Solution File, Format Version 12.00
Project("{2150E333-8FDC-42A3-9474-1A3956D46DE8}") = "Server", "Server", "{D8434437-43B3-4E17-AFB2-4CA649FCAAE7}"
EndProject
Project("{FAE04EC0-301F-11D3-BF4B-00C04F79EFBC}") = "CLI", "Server\CLI\CLI.csproj", "{D8DA25FA-F955-4FBA-9BE4-FEE74C98E5B1}"
EndProject
Project("{FAE04EC0-301F-11D3-BF4B-00C04F79EFBC}") = "Entities", "Server\Entities\Entities.csproj", "{89F37E20-0444-4588-BA37-5C3A7BE34BBA}"
EndProject
Project("{FAE04EC0-301F-11D3-BF4B-00C04F79EFBC}") = "FileRepositories", "Server\FileRepositories\FileRepositories.csproj", "{18463754-97C4-45CE-ADD9-26B173AB7D7C}"
EndProject
Project("{FAE04EC0-301F-11D3-BF4B-00C04F79EFBC}") = "RepositoryContracts", "Server\RepositoryContracts\RepositoryContracts.csproj", "{176FD624-4710-4434-BB64-1015329B1F97}"
EndProject
Project("{FAE04EC0-301F-11D3-BF4B-00C04F79EFBC}") = "InMemoryRepositories", "Server\InMemoryRepositories\InMemoryRepositories.csproj", "{65A3E30C-986D-4946-A3F6-E1AD03439C03}"
EndProject
Project("{2150E333-8FDC-42A3-9474-1A3956D46DE8}") = "Shared", "Shared", "{F4AA71B9-DBD8-470F-89E5-D36D35D04F99}"
EndProject
Project("{FAE04EC0-301F-11D3-BF4B-00C04F79EFBC}") = "ApiContracts", "ApiContracts\ApiContracts.csproj", "{1ED5D90F-0FBD-4588-BEE4-1730C79EADB6}"
EndProject
Project("{FAE04EC0-301F-11D3-BF4B-00C04F79EFBC}") = "WebAPI", "Server\WebAPI\WebAPI.csproj", "{82538DC7-8351-44DF-8781-1FD78965A87A}"
EndProject
Global
	GlobalSection(SolutionConfigurationPlatforms) = preSolution
		Debug|Any CPU = Debug|Any CPU
		Release|Any CPU = Release|Any CPU
	EndGlobalSection
	GlobalSection(ProjectConfigurationPlatforms) = postSolution
		{D8DA25FA-F955-4FBA-9BE4-FEE74C98E5B1}.Debug|Any CPU.ActiveCfg = Debug|Any CPU
		{D8DA25FA-F955-4FBA-9BE4-FEE74C98E5B1}.Debug|Any CPU.Build.0 = Debug|Any CPU
		{D8DA25FA-F955-4FBA-9BE4-FEE74C98E5B1}.Release|Any CPU.ActiveCfg = Release|Any CPU
		{D8DA25FA-F955-4FBA-9BE4-FEE74C98E5B1}.Release|Any CPU.Build.0 = Release|Any CPU
		{89F37E20-0444-4588-BA37-5C3A7BE34BBA}.Debug|Any CPU.ActiveCfg = Debug|Any CPU
		{89F37E20-0444-4588-BA37-5C3A7BE34BBA}.Debug|Any CPU.Build.0 = Debug|Any CPU
		{89F37E20-0444-4588-BA37-5C3A7BE34BBA}.Release|Any CPU.ActiveCfg = Release|Any CPU
		{89F37E20-0444-4588-BA37-5C3A7BE34BBA}.Release|Any CPU.Build.0 = Release|Any CPU
		{18463754-97C4-45CE-ADD9-26B173AB7D7C}.Debug|Any CPU.ActiveCfg = Debug|Any CPU
		{18463754-97C4-45CE-ADD9-26B173AB7D7C}.Debug|Any CPU.Build.0 = Debug|Any CPU
		{18463754-97C4-45CE-ADD9-26B173AB7D7C}.Release|Any CPU.ActiveCfg = Release|Any CPU
		{18463754-97C4-45CE-ADD9-26B173AB7D7C}.Release|Any CPU.Build.0 = Release|Any CPU
		{176FD624-4710-4434-BB64-1015329B1F97}.Debug|Any CPU.ActiveCfg = Debug|Any CPU
		{176FD624-4710-4434-BB64-1015329B1F97}.Debug|Any CPU.Build.0 = Debug|Any CPU
		{176FD624-4710-4434-BB64-1015329B1F97}.Release|Any CPU.ActiveCfg = Release|Any CPU
		{176FD624-4710-4434-BB64-1015329B1F97}.Release|Any CPU.Build.0 = Release|Any CPU
		{65A3E30C-986D-4946-A3F6-E1AD03439C03}.Debug|Any CPU.ActiveCfg = Debug|Any CPU
		{65A3E30C-986D-4946-A3F6-E1AD03439C03}.Debug|Any CPU.Build.0 = Debug|Any CPU
		{65A3E30C-986D-4946-A3F6-E1AD03439C03}.Release|Any CPU.ActiveCfg = Release|Any CPU
		{65A3E30C-986D-4946-A3F6-E1AD03439C03}.Release|Any CPU.Build.0 = Release|Any CPU
		{1ED5D90F-0FBD-4588-BEE4-1730C79EADB6}.Debug|Any CPU.ActiveCfg = Debug|Any CPU
		{1ED5D90F-0FBD-4588-BEE4-1730C79EADB6}.Debug|Any CPU.Build.0 = Debug|Any CPU
		{1ED5D90F-0FBD-4588-BEE4-1730C79EADB6}.Release|Any CPU.ActiveCfg = Release|Any CPU
		{1ED5D90F-0FBD-4588-BEE4-1730C79EADB6}.Release|Any CPU.Build.0 = Release|Any CPU
		{82538DC7-8351-44DF-8781-1FD78965A87A}.Debug|Any CPU.ActiveCfg = Debug|Any CPU
		{82538DC7-8351-44DF-8781-1FD78965A87A}.Debug|Any CPU.Build.0 = Debug|Any CPU
		{82538DC7-8351-44DF-8781-1FD78965A87A}.Release|Any CPU.ActiveCfg = Release|Any CPU
		{82538DC7-8351-44DF-8781-1FD78965A87A}.Release|Any CPU.Build.0 = Release|Any CPU
	EndGlobalSection
	GlobalSection(NestedProjects) = preSolution
		{D8DA25FA-F955-4FBA-9BE4-FEE74C98E5B1} = {D8434437-43B3-4E17-AFB2-4CA649FCAAE7}
		{89F37E20-0444-4588-BA37-5C3A7BE34BBA} = {D8434437-43B3-4E17-AFB2-4CA649FCAAE7}
		{18463754-97C4-45CE-ADD9-26B173AB7D7C} = {D8434437-43B3-4E17-AFB2-4CA649FCAAE7}
		{176FD624-4710-4434-BB64-1015329B1F97} = {D8434437-43B3-4E17-AFB2-4CA649FCAAE7}
		{65A3E30C-986D-4946-A3F6-E1AD03439C03} = {D8434437-43B3-4E17-AFB2-4CA649FCAAE7}
		{1ED5D90F-0FBD-4588-BEE4-1730C79EADB6} = {F4AA71B9-DBD8-470F-89E5-D36D35D04F99}
		{82538DC7-8351-44DF-8781-1FD78965A87A} = {D8434437-43B3-4E17-AFB2-4CA649FCAAE7}
	EndGlobalSection
EndGlobal
